
Microsoft Visual Studio Solution File, Format Version 12.00
# Visual Studio Version 17
VisualStudioVersion = 17.7.34024.191
MinimumVisualStudioVersion = 10.0.40219.1
Project("{FAE04EC0-301F-11D3-BF4B-00C04F79EFBC}") = "Entidades2023", "Entidades2023.csproj", "{956D450C-14EA-4268-A753-27D95AB3B15A}"
EndProject
Project("{FAE04EC0-301F-11D3-BF4B-00C04F79EFBC}") = "FabricaDeVehiculo", "..\FabricaDeVehiculo\FabricaDeVehiculo.csproj", "{BD5E2731-9672-4EB4-9718-A1E89AA17F2E}"
EndProject
Global
	GlobalSection(SolutionConfigurationPlatforms) = preSolution
		Debug|Any CPU = Debug|Any CPU
		Release|Any CPU = Release|Any CPU
	EndGlobalSection
	GlobalSection(ProjectConfigurationPlatforms) = postSolution
		{956D450C-14EA-4268-A753-27D95AB3B15A}.Debug|Any CPU.ActiveCfg = Debug|Any CPU
		{956D450C-14EA-4268-A753-27D95AB3B15A}.Debug|Any CPU.Build.0 = Debug|Any CPU
		{956D450C-14EA-4268-A753-27D95AB3B15A}.Release|Any CPU.ActiveCfg = Release|Any CPU
		{956D450C-14EA-4268-A753-27D95AB3B15A}.Release|Any CPU.Build.0 = Release|Any CPU
		{BD5E2731-9672-4EB4-9718-A1E89AA17F2E}.Debug|Any CPU.ActiveCfg = Debug|Any CPU
		{BD5E2731-9672-4EB4-9718-A1E89AA17F2E}.Debug|Any CPU.Build.0 = Debug|Any CPU
		{BD5E2731-9672-4EB4-9718-A1E89AA17F2E}.Release|Any CPU.ActiveCfg = Release|Any CPU
		{BD5E2731-9672-4EB4-9718-A1E89AA17F2E}.Release|Any CPU.Build.0 = Release|Any CPU
	EndGlobalSection
	GlobalSection(SolutionProperties) = preSolution
		HideSolutionNode = FALSE
	EndGlobalSection
	GlobalSection(ExtensibilityGlobals) = postSolution
		SolutionGuid = {47F58A13-F945-40EC-998E-DF46F8A80D5E}
	EndGlobalSection
EndGlobal
